
Microsoft Visual Studio Solution File, Format Version 12.00
# Visual Studio Version 17
VisualStudioVersion = 17.3.32922.545
MinimumVisualStudioVersion = 10.0.40219.1
Project("{FAE04EC0-301F-11D3-BF4B-00C04F79EFBC}") = "Open-Lab-11.00", "Open-Lab-11.00\Open-Lab-11.00.csproj", "{50E42961-FBEF-4541-AE3B-4C7D1EAACB17}"
EndProject
Global
	GlobalSection(SolutionConfigurationPlatforms) = preSolution
		Debug|Any CPU = Debug|Any CPU
		Release|Any CPU = Release|Any CPU
	EndGlobalSection
	GlobalSection(ProjectConfigurationPlatforms) = postSolution
		{50E42961-FBEF-4541-AE3B-4C7D1EAACB17}.Debug|Any CPU.ActiveCfg = Debug|Any CPU
		{50E42961-FBEF-4541-AE3B-4C7D1EAACB17}.Debug|Any CPU.Build.0 = Debug|Any CPU
		{50E42961-FBEF-4541-AE3B-4C7D1EAACB17}.Release|Any CPU.ActiveCfg = Release|Any CPU
		{50E42961-FBEF-4541-AE3B-4C7D1EAACB17}.Release|Any CPU.Build.0 = Release|Any CPU
	EndGlobalSection
	GlobalSection(SolutionProperties) = preSolution
		HideSolutionNode = FALSE
	EndGlobalSection
	GlobalSection(ExtensibilityGlobals) = postSolution
		SolutionGuid = {D6343DAE-8A3B-42F2-90C7-EF539B3B24E2}
	EndGlobalSection
EndGlobal
